
Microsoft Visual Studio Solution File, Format Version 12.00
# Visual Studio Version 17
VisualStudioVersion = 17.3.32804.467
MinimumVisualStudioVersion = 10.0.40219.1
Project("{FAE04EC0-301F-11D3-BF4B-00C04F79EFBC}") = "Lab3POP", "Lab3POP\Lab3POP.csproj", "{9EB4EAA2-CA10-415C-A50D-DF8DEE76ACFF}"
EndProject
Global
	GlobalSection(SolutionConfigurationPlatforms) = preSolution
		Debug|Any CPU = Debug|Any CPU
		Release|Any CPU = Release|Any CPU
	EndGlobalSection
	GlobalSection(ProjectConfigurationPlatforms) = postSolution
		{9EB4EAA2-CA10-415C-A50D-DF8DEE76ACFF}.Debug|Any CPU.ActiveCfg = Debug|Any CPU
		{9EB4EAA2-CA10-415C-A50D-DF8DEE76ACFF}.Debug|Any CPU.Build.0 = Debug|Any CPU
		{9EB4EAA2-CA10-415C-A50D-DF8DEE76ACFF}.Release|Any CPU.ActiveCfg = Release|Any CPU
		{9EB4EAA2-CA10-415C-A50D-DF8DEE76ACFF}.Release|Any CPU.Build.0 = Release|Any CPU
	EndGlobalSection
	GlobalSection(SolutionProperties) = preSolution
		HideSolutionNode = FALSE
	EndGlobalSection
	GlobalSection(ExtensibilityGlobals) = postSolution
		SolutionGuid = {E9CA0CAE-4C2A-4435-9B3A-96C27E0D8B4A}
	EndGlobalSection
EndGlobal
